
Microsoft Visual Studio Solution File, Format Version 12.00
# Visual Studio Version 17
VisualStudioVersion = 17.4.33403.182
MinimumVisualStudioVersion = 10.0.40219.1
Project("{FAE04EC0-301F-11D3-BF4B-00C04F79EFBC}") = "21.02 leseon 1", "21.02 leseon 1\21.02 leseon 1.csproj", "{D88EAF66-CAC2-4238-91B4-D0AA75B7C96B}"
EndProject
Global
	GlobalSection(SolutionConfigurationPlatforms) = preSolution
		Debug|Any CPU = Debug|Any CPU
		Release|Any CPU = Release|Any CPU
	EndGlobalSection
	GlobalSection(ProjectConfigurationPlatforms) = postSolution
		{D88EAF66-CAC2-4238-91B4-D0AA75B7C96B}.Debug|Any CPU.ActiveCfg = Debug|Any CPU
		{D88EAF66-CAC2-4238-91B4-D0AA75B7C96B}.Debug|Any CPU.Build.0 = Debug|Any CPU
		{D88EAF66-CAC2-4238-91B4-D0AA75B7C96B}.Release|Any CPU.ActiveCfg = Release|Any CPU
		{D88EAF66-CAC2-4238-91B4-D0AA75B7C96B}.Release|Any CPU.Build.0 = Release|Any CPU
	EndGlobalSection
	GlobalSection(SolutionProperties) = preSolution
		HideSolutionNode = FALSE
	EndGlobalSection
	GlobalSection(ExtensibilityGlobals) = postSolution
		SolutionGuid = {A2261975-F8DF-4E16-91ED-3C016BC560C7}
	EndGlobalSection
EndGlobal
